
Microsoft Visual Studio Solution File, Format Version 12.00
# Visual Studio Version 17
VisualStudioVersion = 17.0.31903.59
MinimumVisualStudioVersion = 10.0.40219.1
Project("{2150E333-8FDC-42A3-9474-1A3956D46DE8}") = "src", "src", "{5F7D794E-E7F3-431D-98AB-F8C3EE1E0E62}"
EndProject
Project("{FAE04EC0-301F-11D3-BF4B-00C04F79EFBC}") = "OpenKO.Common", "src\OpenKO.Common\OpenKO.Common.csproj", "{2291E184-9DED-424B-876B-0EF249A1CAC7}"
EndProject
Project("{FAE04EC0-301F-11D3-BF4B-00C04F79EFBC}") = "OpenKO.Numerics", "src\OpenKO.Numerics\OpenKO.Numerics.csproj", "{AD3D1170-510F-4E2A-9BA0-E8F964D0C71F}"
EndProject
Project("{FAE04EC0-301F-11D3-BF4B-00C04F79EFBC}") = "OpenKO.IO", "src\OpenKO.IO\OpenKO.IO.csproj", "{E67CA828-32C9-4CC6-B7DE-7560802C968D}"
EndProject
Project("{FAE04EC0-301F-11D3-BF4B-00C04F79EFBC}") = "OpenKO.Net", "src\OpenKO.Net\OpenKO.Net.csproj", "{C60CE0BF-1053-407F-935D-0C5476AD56F7}"
EndProject
Project("{FAE04EC0-301F-11D3-BF4B-00C04F79EFBC}") = "OpenKO.Client", "src\OpenKO.Client\OpenKO.Client.csproj", "{077865FF-E30E-43B5-A959-517B6B171866}"
EndProject
Project("{2150E333-8FDC-42A3-9474-1A3956D46DE8}") = "tests", "tests", "{CCD0B587-6958-4C31-9455-E0B459671CFC}"
EndProject
Project("{FAE04EC0-301F-11D3-BF4B-00C04F79EFBC}") = "OpenKO.Tests", "tests\OpenKO.Tests\OpenKO.Tests.csproj", "{92228C7E-D9E5-4106-8D71-AC5E6BD56EB7}"
EndProject
Project("{FAE04EC0-301F-11D3-BF4B-00C04F79EFBC}") = "OpenKO.N3", "src\OpenKO.N3\OpenKO.N3.csproj", "{57D86C42-70F7-403F-9B26-808263148B2F}"
EndProject
Project("{FAE04EC0-301F-11D3-BF4B-00C04F79EFBC}") = "OpenKO.Game", "src\OpenKO.Game\OpenKO.Game.csproj", "{3E8A3ED0-2937-4BB7-B6DE-B2C2626DF30C}"
EndProject
Global
	GlobalSection(SolutionConfigurationPlatforms) = preSolution
		Debug|Any CPU = Debug|Any CPU
		Release|Any CPU = Release|Any CPU
	EndGlobalSection
	GlobalSection(SolutionProperties) = preSolution
		HideSolutionNode = FALSE
	EndGlobalSection
	GlobalSection(ProjectConfigurationPlatforms) = postSolution
		{2291E184-9DED-424B-876B-0EF249A1CAC7}.Debug|Any CPU.ActiveCfg = Debug|Any CPU
		{2291E184-9DED-424B-876B-0EF249A1CAC7}.Debug|Any CPU.Build.0 = Debug|Any CPU
		{2291E184-9DED-424B-876B-0EF249A1CAC7}.Release|Any CPU.ActiveCfg = Release|Any CPU
		{2291E184-9DED-424B-876B-0EF249A1CAC7}.Release|Any CPU.Build.0 = Release|Any CPU
		{AD3D1170-510F-4E2A-9BA0-E8F964D0C71F}.Debug|Any CPU.ActiveCfg = Debug|Any CPU
		{AD3D1170-510F-4E2A-9BA0-E8F964D0C71F}.Debug|Any CPU.Build.0 = Debug|Any CPU
		{AD3D1170-510F-4E2A-9BA0-E8F964D0C71F}.Release|Any CPU.ActiveCfg = Release|Any CPU
		{AD3D1170-510F-4E2A-9BA0-E8F964D0C71F}.Release|Any CPU.Build.0 = Release|Any CPU
		{E67CA828-32C9-4CC6-B7DE-7560802C968D}.Debug|Any CPU.ActiveCfg = Debug|Any CPU
		{E67CA828-32C9-4CC6-B7DE-7560802C968D}.Debug|Any CPU.Build.0 = Debug|Any CPU
		{E67CA828-32C9-4CC6-B7DE-7560802C968D}.Release|Any CPU.ActiveCfg = Release|Any CPU
		{E67CA828-32C9-4CC6-B7DE-7560802C968D}.Release|Any CPU.Build.0 = Release|Any CPU
		{C60CE0BF-1053-407F-935D-0C5476AD56F7}.Debug|Any CPU.ActiveCfg = Debug|Any CPU
		{C60CE0BF-1053-407F-935D-0C5476AD56F7}.Debug|Any CPU.Build.0 = Debug|Any CPU
		{C60CE0BF-1053-407F-935D-0C5476AD56F7}.Release|Any CPU.ActiveCfg = Release|Any CPU
		{C60CE0BF-1053-407F-935D-0C5476AD56F7}.Release|Any CPU.Build.0 = Release|Any CPU
		{077865FF-E30E-43B5-A959-517B6B171866}.Debug|Any CPU.ActiveCfg = Debug|Any CPU
		{077865FF-E30E-43B5-A959-517B6B171866}.Debug|Any CPU.Build.0 = Debug|Any CPU
		{077865FF-E30E-43B5-A959-517B6B171866}.Release|Any CPU.ActiveCfg = Release|Any CPU
		{077865FF-E30E-43B5-A959-517B6B171866}.Release|Any CPU.Build.0 = Release|Any CPU
		{92228C7E-D9E5-4106-8D71-AC5E6BD56EB7}.Debug|Any CPU.ActiveCfg = Debug|Any CPU
		{92228C7E-D9E5-4106-8D71-AC5E6BD56EB7}.Debug|Any CPU.Build.0 = Debug|Any CPU
		{92228C7E-D9E5-4106-8D71-AC5E6BD56EB7}.Release|Any CPU.ActiveCfg = Release|Any CPU
		{92228C7E-D9E5-4106-8D71-AC5E6BD56EB7}.Release|Any CPU.Build.0 = Release|Any CPU
		{57D86C42-70F7-403F-9B26-808263148B2F}.Debug|Any CPU.ActiveCfg = Debug|Any CPU
		{57D86C42-70F7-403F-9B26-808263148B2F}.Debug|Any CPU.Build.0 = Debug|Any CPU
		{57D86C42-70F7-403F-9B26-808263148B2F}.Release|Any CPU.ActiveCfg = Release|Any CPU
		{57D86C42-70F7-403F-9B26-808263148B2F}.Release|Any CPU.Build.0 = Release|Any CPU
		{3E8A3ED0-2937-4BB7-B6DE-B2C2626DF30C}.Debug|Any CPU.ActiveCfg = Debug|Any CPU
		{3E8A3ED0-2937-4BB7-B6DE-B2C2626DF30C}.Debug|Any CPU.Build.0 = Debug|Any CPU
		{3E8A3ED0-2937-4BB7-B6DE-B2C2626DF30C}.Release|Any CPU.ActiveCfg = Release|Any CPU
		{3E8A3ED0-2937-4BB7-B6DE-B2C2626DF30C}.Release|Any CPU.Build.0 = Release|Any CPU
	EndGlobalSection
	GlobalSection(NestedProjects) = preSolution
		{2291E184-9DED-424B-876B-0EF249A1CAC7} = {5F7D794E-E7F3-431D-98AB-F8C3EE1E0E62}
		{AD3D1170-510F-4E2A-9BA0-E8F964D0C71F} = {5F7D794E-E7F3-431D-98AB-F8C3EE1E0E62}
		{E67CA828-32C9-4CC6-B7DE-7560802C968D} = {5F7D794E-E7F3-431D-98AB-F8C3EE1E0E62}
		{C60CE0BF-1053-407F-935D-0C5476AD56F7} = {5F7D794E-E7F3-431D-98AB-F8C3EE1E0E62}
		{077865FF-E30E-43B5-A959-517B6B171866} = {5F7D794E-E7F3-431D-98AB-F8C3EE1E0E62}
		{92228C7E-D9E5-4106-8D71-AC5E6BD56EB7} = {CCD0B587-6958-4C31-9455-E0B459671CFC}
		{57D86C42-70F7-403F-9B26-808263148B2F} = {5F7D794E-E7F3-431D-98AB-F8C3EE1E0E62}
		{3E8A3ED0-2937-4BB7-B6DE-B2C2626DF30C} = {5F7D794E-E7F3-431D-98AB-F8C3EE1E0E62}
	EndGlobalSection
EndGlobal
