
Microsoft Visual Studio Solution File, Format Version 12.00
# Visual Studio Version 17
VisualStudioVersion = 17.11.35303.130
MinimumVisualStudioVersion = 10.0.40219.1
Project("{2150E333-8FDC-42A3-9474-1A3956D46DE8}") = "_deps", "_deps", "{657121FA-968C-4276-9AA6-EC6692DC6465}"
EndProject
Project("{2150E333-8FDC-42A3-9474-1A3956D46DE8}") = "fetch wrappers", "fetch wrappers", "{6EEB718D-CCE4-446E-A0BE-172669B7BC98}"
EndProject
Project("{8BC9CEB8-8B4A-11D0-8D11-00A0C91BC942}") = "fetch-libjpeg-turbo", "deps\fetch-and-build-wrappers\fetch-libjpeg-turbo.vcxproj", "{56988836-40F9-F81D-C8B4-4DC1CE5901E2}"
EndProject
Project("{8BC9CEB8-8B4A-11D0-8D11-00A0C91BC942}") = "JpegFile", "Client\JpegFile\JpegFile.vcxproj", "{E3CE5B4F-97BC-46B1-B36D-25AB39D4A3F9}"
	ProjectSection(ProjectDependencies) = postProject
		{56988836-40F9-F81D-C8B4-4DC1CE5901E2} = {56988836-40F9-F81D-C8B4-4DC1CE5901E2}
	EndProjectSection
EndProject
Project("{8BC9CEB8-8B4A-11D0-8D11-00A0C91BC942}") = "KscViewer", "Client\KscViewer\KscViewer.vcxproj", "{4EC5FE5E-13CF-4568-93CD-4B4BA52C90AF}"
	ProjectSection(ProjectDependencies) = postProject
		{E3CE5B4F-97BC-46B1-B36D-25AB39D4A3F9} = {E3CE5B4F-97BC-46B1-B36D-25AB39D4A3F9}
	EndProjectSection
EndProject
Global
	GlobalSection(SolutionConfigurationPlatforms) = preSolution
		Debug|Win32 = Debug|Win32
		Release|Win32 = Release|Win32
	EndGlobalSection
	GlobalSection(ProjectConfigurationPlatforms) = postSolution
		{56988836-40F9-F81D-C8B4-4DC1CE5901E2}.Debug|Win32.ActiveCfg = Debug|Win32
		{56988836-40F9-F81D-C8B4-4DC1CE5901E2}.Debug|Win32.Build.0 = Debug|Win32
		{56988836-40F9-F81D-C8B4-4DC1CE5901E2}.Release|Win32.ActiveCfg = Release|Win32
		{56988836-40F9-F81D-C8B4-4DC1CE5901E2}.Release|Win32.Build.0 = Release|Win32
		{E3CE5B4F-97BC-46B1-B36D-25AB39D4A3F9}.Debug|Win32.ActiveCfg = Debug|Win32
		{E3CE5B4F-97BC-46B1-B36D-25AB39D4A3F9}.Debug|Win32.Build.0 = Debug|Win32
		{E3CE5B4F-97BC-46B1-B36D-25AB39D4A3F9}.Release|Win32.ActiveCfg = Release|Win32
		{E3CE5B4F-97BC-46B1-B36D-25AB39D4A3F9}.Release|Win32.Build.0 = Release|Win32
		{4EC5FE5E-13CF-4568-93CD-4B4BA52C90AF}.Debug|Win32.ActiveCfg = Debug|Win32
		{4EC5FE5E-13CF-4568-93CD-4B4BA52C90AF}.Debug|Win32.Build.0 = Debug|Win32
		{4EC5FE5E-13CF-4568-93CD-4B4BA52C90AF}.Release|Win32.ActiveCfg = Release|Win32
		{4EC5FE5E-13CF-4568-93CD-4B4BA52C90AF}.Release|Win32.Build.0 = Release|Win32
	EndGlobalSection
	GlobalSection(SolutionProperties) = preSolution
		HideSolutionNode = FALSE
	EndGlobalSection
	GlobalSection(NestedProjects) = preSolution
		{6EEB718D-CCE4-446E-A0BE-172669B7BC98} = {657121FA-968C-4276-9AA6-EC6692DC6465}
		{56988836-40F9-F81D-C8B4-4DC1CE5901E2} = {6EEB718D-CCE4-446E-A0BE-172669B7BC98}
		{E3CE5B4F-97BC-46B1-B36D-25AB39D4A3F9} = {657121FA-968C-4276-9AA6-EC6692DC6465}
	EndGlobalSection
	GlobalSection(ExtensibilityGlobals) = postSolution
		SolutionGuid = {D9937074-3E07-4102-9EF1-BE6E87CF35E4}
	EndGlobalSection
EndGlobal
