
Microsoft Visual Studio Solution File, Format Version 12.00
# Visual Studio Version 17
VisualStudioVersion = 17.11.35303.130
MinimumVisualStudioVersion = 10.0.40219.1
Project("{8BC9CEB8-8B4A-11D0-8D11-00A0C91BC942}") = "N3Base", "Client\N3Base\N3Base.vcxproj", "{5E45D92A-702B-4128-A1AF-504A17271D94}"
	ProjectSection(ProjectDependencies) = postProject
		{50D2B40A-5AE4-F5FB-4D79-AC6CC3C75274} = {50D2B40A-5AE4-F5FB-4D79-AC6CC3C75274}
		{B24123A5-2FE3-4AD6-9B8D-C3090E87408D} = {B24123A5-2FE3-4AD6-9B8D-C3090E87408D}
	EndProjectSection
EndProject
Project("{8BC9CEB8-8B4A-11D0-8D11-00A0C91BC942}") = "WarFare", "Client\WarFare\WarFare.vcxproj", "{02A7C2DE-6DB6-477A-977A-ADF0BF2204A6}"
	ProjectSection(ProjectDependencies) = postProject
		{0047BEE8-1361-6BCB-3EDF-26DCB127E1B5} = {0047BEE8-1361-6BCB-3EDF-26DCB127E1B5}
		{C2FEB024-8E46-4533-918B-7196CAAA4E7D} = {C2FEB024-8E46-4533-918B-7196CAAA4E7D}
		{D06D505A-F28E-343F-09F4-C3809398B508} = {D06D505A-F28E-343F-09F4-C3809398B508}
		{E3CE5B4F-97BC-46B1-B36D-25AB39D4A3F9} = {E3CE5B4F-97BC-46B1-B36D-25AB39D4A3F9}
	EndProjectSection
EndProject
Project("{8BC9CEB8-8B4A-11D0-8D11-00A0C91BC942}") = "shared", "Server\shared\shared.vcxproj", "{C2FEB024-8E46-4533-918B-7196CAAA4E7D}"
EndProject
Project("{2150E333-8FDC-42A3-9474-1A3956D46DE8}") = "_deps", "_deps", "{7002AB72-3020-4E04-8E43-3784FFDCD539}"
EndProject
Project("{2150E333-8FDC-42A3-9474-1A3956D46DE8}") = "wrappers", "wrappers", "{02EA681E-C7D8-13C7-8484-4AC65E1B71E8}"
EndProject
Project("{8BC9CEB8-8B4A-11D0-8D11-00A0C91BC942}") = "N3Base_client", "Client\N3Base\N3Base_client.vcxproj", "{D06D505A-F28E-343F-09F4-C3809398B508}"
	ProjectSection(ProjectDependencies) = postProject
		{10898C84-AF45-F0B0-5144-EA801DF15503} = {10898C84-AF45-F0B0-5144-EA801DF15503}
		{50D2B40A-5AE4-F5FB-4D79-AC6CC3C75274} = {50D2B40A-5AE4-F5FB-4D79-AC6CC3C75274}
		{B24123A5-2FE3-4AD6-9B8D-C3090E87408D} = {B24123A5-2FE3-4AD6-9B8D-C3090E87408D}
	EndProjectSection
EndProject
Project("{8BC9CEB8-8B4A-11D0-8D11-00A0C91BC942}") = "fetch-dx9sdk", "deps\fetch-and-build-wrappers\fetch-dx9sdk.vcxproj", "{50D2B40A-5AE4-F5FB-4D79-AC6CC3C75274}"
EndProject
Project("{8BC9CEB8-8B4A-11D0-8D11-00A0C91BC942}") = "fetch-ko-client-assets", "deps\fetch-and-build-wrappers\fetch-ko-client-assets.vcxproj", "{0047BEE8-1361-6BCB-3EDF-26DCB127E1B5}"
EndProject
Project("{2150E333-8FDC-42A3-9474-1A3956D46DE8}") = "fetch wrappers", "fetch wrappers", "{FCEEB93A-A502-48BF-83AA-715C2E88D883}"
EndProject
Project("{8BC9CEB8-8B4A-11D0-8D11-00A0C91BC942}") = "fetch-libjpeg-turbo", "deps\fetch-and-build-wrappers\fetch-libjpeg-turbo.vcxproj", "{56988836-40F9-F81D-C8B4-4DC1CE5901E2}"
EndProject
Project("{8BC9CEB8-8B4A-11D0-8D11-00A0C91BC942}") = "JpegFile", "Client\JpegFile\JpegFile.vcxproj", "{E3CE5B4F-97BC-46B1-B36D-25AB39D4A3F9}"
	ProjectSection(ProjectDependencies) = postProject
		{56988836-40F9-F81D-C8B4-4DC1CE5901E2} = {56988836-40F9-F81D-C8B4-4DC1CE5901E2}
	EndProjectSection
EndProject
Project("{8BC9CEB8-8B4A-11D0-8D11-00A0C91BC942}") = "fetch-mpg123", "deps\fetch-and-build-wrappers\fetch-mpg123.vcxproj", "{B24123A5-2FE3-4AD6-9B8D-C3090E87408D}"
EndProject
Project("{8BC9CEB8-8B4A-11D0-8D11-00A0C91BC942}") = "fetch-spdlog", "deps\fetch-and-build-wrappers\fetch-spdlog.vcxproj", "{10898C84-AF45-F0B0-5144-EA801DF15503}"
EndProject
Global
	GlobalSection(SolutionConfigurationPlatforms) = preSolution
		Debug|Win32 = Debug|Win32
		Release|Win32 = Release|Win32
	EndGlobalSection
	GlobalSection(ProjectConfigurationPlatforms) = postSolution
		{5E45D92A-702B-4128-A1AF-504A17271D94}.Debug|Win32.ActiveCfg = Debug|Win32
		{5E45D92A-702B-4128-A1AF-504A17271D94}.Release|Win32.ActiveCfg = Release|Win32
		{02A7C2DE-6DB6-477A-977A-ADF0BF2204A6}.Debug|Win32.ActiveCfg = Debug|Win32
		{02A7C2DE-6DB6-477A-977A-ADF0BF2204A6}.Debug|Win32.Build.0 = Debug|Win32
		{02A7C2DE-6DB6-477A-977A-ADF0BF2204A6}.Release|Win32.ActiveCfg = Release|Win32
		{02A7C2DE-6DB6-477A-977A-ADF0BF2204A6}.Release|Win32.Build.0 = Release|Win32
		{C2FEB024-8E46-4533-918B-7196CAAA4E7D}.Debug|Win32.ActiveCfg = Debug|Win32
		{C2FEB024-8E46-4533-918B-7196CAAA4E7D}.Debug|Win32.Build.0 = Debug|Win32
		{C2FEB024-8E46-4533-918B-7196CAAA4E7D}.Release|Win32.ActiveCfg = Release|Win32
		{C2FEB024-8E46-4533-918B-7196CAAA4E7D}.Release|Win32.Build.0 = Release|Win32
		{D06D505A-F28E-343F-09F4-C3809398B508}.Debug|Win32.ActiveCfg = Debug|Win32
		{D06D505A-F28E-343F-09F4-C3809398B508}.Debug|Win32.Build.0 = Debug|Win32
		{D06D505A-F28E-343F-09F4-C3809398B508}.Release|Win32.ActiveCfg = Release|Win32
		{D06D505A-F28E-343F-09F4-C3809398B508}.Release|Win32.Build.0 = Release|Win32
		{50D2B40A-5AE4-F5FB-4D79-AC6CC3C75274}.Debug|Win32.ActiveCfg = Debug|Win32
		{50D2B40A-5AE4-F5FB-4D79-AC6CC3C75274}.Debug|Win32.Build.0 = Debug|Win32
		{50D2B40A-5AE4-F5FB-4D79-AC6CC3C75274}.Release|Win32.ActiveCfg = Release|Win32
		{50D2B40A-5AE4-F5FB-4D79-AC6CC3C75274}.Release|Win32.Build.0 = Release|Win32
		{0047BEE8-1361-6BCB-3EDF-26DCB127E1B5}.Debug|Win32.ActiveCfg = Debug|Win32
		{0047BEE8-1361-6BCB-3EDF-26DCB127E1B5}.Debug|Win32.Build.0 = Debug|Win32
		{0047BEE8-1361-6BCB-3EDF-26DCB127E1B5}.Release|Win32.ActiveCfg = Release|Win32
		{0047BEE8-1361-6BCB-3EDF-26DCB127E1B5}.Release|Win32.Build.0 = Release|Win32
		{56988836-40F9-F81D-C8B4-4DC1CE5901E2}.Debug|Win32.ActiveCfg = Debug|Win32
		{56988836-40F9-F81D-C8B4-4DC1CE5901E2}.Debug|Win32.Build.0 = Debug|Win32
		{56988836-40F9-F81D-C8B4-4DC1CE5901E2}.Release|Win32.ActiveCfg = Release|Win32
		{56988836-40F9-F81D-C8B4-4DC1CE5901E2}.Release|Win32.Build.0 = Release|Win32
		{E3CE5B4F-97BC-46B1-B36D-25AB39D4A3F9}.Debug|Win32.ActiveCfg = Debug|Win32
		{E3CE5B4F-97BC-46B1-B36D-25AB39D4A3F9}.Debug|Win32.Build.0 = Debug|Win32
		{E3CE5B4F-97BC-46B1-B36D-25AB39D4A3F9}.Release|Win32.ActiveCfg = Release|Win32
		{E3CE5B4F-97BC-46B1-B36D-25AB39D4A3F9}.Release|Win32.Build.0 = Release|Win32
		{B24123A5-2FE3-4AD6-9B8D-C3090E87408D}.Debug|Win32.ActiveCfg = Debug|Win32
		{B24123A5-2FE3-4AD6-9B8D-C3090E87408D}.Debug|Win32.Build.0 = Debug|Win32
		{B24123A5-2FE3-4AD6-9B8D-C3090E87408D}.Release|Win32.ActiveCfg = Release|Win32
		{B24123A5-2FE3-4AD6-9B8D-C3090E87408D}.Release|Win32.Build.0 = Release|Win32
		{10898C84-AF45-F0B0-5144-EA801DF15503}.Debug|Win32.ActiveCfg = Debug|Win32
		{10898C84-AF45-F0B0-5144-EA801DF15503}.Debug|Win32.Build.0 = Debug|Win32
		{10898C84-AF45-F0B0-5144-EA801DF15503}.Release|Win32.ActiveCfg = Release|Win32
		{10898C84-AF45-F0B0-5144-EA801DF15503}.Release|Win32.Build.0 = Release|Win32
	EndGlobalSection
	GlobalSection(SolutionProperties) = preSolution
		HideSolutionNode = FALSE
	EndGlobalSection
	GlobalSection(NestedProjects) = preSolution
		{5E45D92A-702B-4128-A1AF-504A17271D94} = {7002AB72-3020-4E04-8E43-3784FFDCD539}
		{C2FEB024-8E46-4533-918B-7196CAAA4E7D} = {7002AB72-3020-4E04-8E43-3784FFDCD539}
		{02EA681E-C7D8-13C7-8484-4AC65E1B71E8} = {7002AB72-3020-4E04-8E43-3784FFDCD539}
		{D06D505A-F28E-343F-09F4-C3809398B508} = {02EA681E-C7D8-13C7-8484-4AC65E1B71E8}
		{50D2B40A-5AE4-F5FB-4D79-AC6CC3C75274} = {FCEEB93A-A502-48BF-83AA-715C2E88D883}
		{0047BEE8-1361-6BCB-3EDF-26DCB127E1B5} = {FCEEB93A-A502-48BF-83AA-715C2E88D883}
		{FCEEB93A-A502-48BF-83AA-715C2E88D883} = {7002AB72-3020-4E04-8E43-3784FFDCD539}
		{56988836-40F9-F81D-C8B4-4DC1CE5901E2} = {FCEEB93A-A502-48BF-83AA-715C2E88D883}
		{E3CE5B4F-97BC-46B1-B36D-25AB39D4A3F9} = {7002AB72-3020-4E04-8E43-3784FFDCD539}
		{B24123A5-2FE3-4AD6-9B8D-C3090E87408D} = {FCEEB93A-A502-48BF-83AA-715C2E88D883}
		{10898C84-AF45-F0B0-5144-EA801DF15503} = {FCEEB93A-A502-48BF-83AA-715C2E88D883}
	EndGlobalSection
	GlobalSection(ExtensibilityGlobals) = postSolution
		SolutionGuid = {E0034A25-63CF-4A69-9E84-BA0E8F0B47C2}
	EndGlobalSection
EndGlobal
