
Microsoft Visual Studio Solution File, Format Version 12.00
# Visual Studio Version 17
VisualStudioVersion = 17.11.35303.130
MinimumVisualStudioVersion = 10.0.40219.1
Project("{8BC9CEB8-8B4A-11D0-8D11-00A0C91BC942}") = "shared", "Server\shared\shared.vcxproj", "{C2FEB024-8E46-4533-918B-7196CAAA4E7D}"
EndProject
Project("{2150E333-8FDC-42A3-9474-1A3956D46DE8}") = "_deps", "_deps", "{9D5EEECB-6F40-493E-9D35-58BE18DF0690}"
EndProject
Project("{8BC9CEB8-8B4A-11D0-8D11-00A0C91BC942}") = "Aujard", "Server\Aujard\Aujard.vcxproj", "{C564AC8F-ADF8-4B90-B8CD-0834F7DB144B}"
	ProjectSection(ProjectDependencies) = postProject
		{C2FEB024-8E46-4533-918B-7196CAAA4E7D} = {C2FEB024-8E46-4533-918B-7196CAAA4E7D}
		{E0A0DDDE-1B9A-4F49-9737-65715AC6F783} = {E0A0DDDE-1B9A-4F49-9737-65715AC6F783}
	EndProjectSection
EndProject
Project("{8BC9CEB8-8B4A-11D0-8D11-00A0C91BC942}") = "AIServer", "Server\AIServer\AIServer.vcxproj", "{023CD26D-5809-4716-A245-B1E146C6E7FE}"
	ProjectSection(ProjectDependencies) = postProject
		{50D2B40A-5AE4-F5FB-4D79-AC6CC3C75274} = {50D2B40A-5AE4-F5FB-4D79-AC6CC3C75274}
		{C2FEB024-8E46-4533-918B-7196CAAA4E7D} = {C2FEB024-8E46-4533-918B-7196CAAA4E7D}
		{E0A0DDDE-1B9A-4F49-9737-65715AC6F783} = {E0A0DDDE-1B9A-4F49-9737-65715AC6F783}
	EndProjectSection
EndProject
Project("{8BC9CEB8-8B4A-11D0-8D11-00A0C91BC942}") = "Ebenezer", "Server\Ebenezer\Ebenezer.vcxproj", "{64439624-B2DF-4550-9C52-67E61B8EC0EF}"
	ProjectSection(ProjectDependencies) = postProject
		{50D2B40A-5AE4-F5FB-4D79-AC6CC3C75274} = {50D2B40A-5AE4-F5FB-4D79-AC6CC3C75274}
		{C2FEB024-8E46-4533-918B-7196CAAA4E7D} = {C2FEB024-8E46-4533-918B-7196CAAA4E7D}
		{E0A0DDDE-1B9A-4F49-9737-65715AC6F783} = {E0A0DDDE-1B9A-4F49-9737-65715AC6F783}
	EndProjectSection
EndProject
Project("{8BC9CEB8-8B4A-11D0-8D11-00A0C91BC942}") = "VersionManager", "Server\VersionManager\VersionManager.vcxproj", "{D5FAD895-323C-4BE1-A066-3E70BB8C2BB4}"
	ProjectSection(ProjectDependencies) = postProject
		{50D2B40A-5AE4-F5FB-4D79-AC6CC3C75274} = {50D2B40A-5AE4-F5FB-4D79-AC6CC3C75274}
		{6E97FD6E-7530-4BE3-B8E6-9E17ED45CD45} = {6E97FD6E-7530-4BE3-B8E6-9E17ED45CD45}
		{C2FEB024-8E46-4533-918B-7196CAAA4E7D} = {C2FEB024-8E46-4533-918B-7196CAAA4E7D}
		{E0A0DDDE-1B9A-4F49-9737-65715AC6F783} = {E0A0DDDE-1B9A-4F49-9737-65715AC6F783}
	EndProjectSection
EndProject
Project("{8BC9CEB8-8B4A-11D0-8D11-00A0C91BC942}") = "ItemManager", "Server\ItemManager\ItemManager.vcxproj", "{2208D5F7-EB5B-4B13-A89B-CFE279B4307B}"
	ProjectSection(ProjectDependencies) = postProject
		{50D2B40A-5AE4-F5FB-4D79-AC6CC3C75274} = {50D2B40A-5AE4-F5FB-4D79-AC6CC3C75274}
		{C2FEB024-8E46-4533-918B-7196CAAA4E7D} = {C2FEB024-8E46-4533-918B-7196CAAA4E7D}
	EndProjectSection
EndProject
Project("{8BC9CEB8-8B4A-11D0-8D11-00A0C91BC942}") = "ZipArchive", "deps\ZipArchive\ZipArchive.vcxproj", "{6E97FD6E-7530-4BE3-B8E6-9E17ED45CD45}"
	ProjectSection(ProjectDependencies) = postProject
		{99B647BC-D49E-4322-C338-DC20ACC4239B} = {99B647BC-D49E-4322-C338-DC20ACC4239B}
	EndProjectSection
EndProject
Project("{2150E333-8FDC-42A3-9474-1A3956D46DE8}") = "fetch wrappers", "fetch wrappers", "{02EA681E-C7D8-13C7-8484-4AC65E1B71E8}"
EndProject
Project("{8BC9CEB8-8B4A-11D0-8D11-00A0C91BC942}") = "fetch-zlib", "deps\fetch-and-build-wrappers\fetch-zlib.vcxproj", "{99B647BC-D49E-4322-C338-DC20ACC4239B}"
EndProject
Project("{8BC9CEB8-8B4A-11D0-8D11-00A0C91BC942}") = "fetch-dx9sdk", "deps\fetch-and-build-wrappers\fetch-dx9sdk.vcxproj", "{50D2B40A-5AE4-F5FB-4D79-AC6CC3C75274}"
EndProject
Project("{8BC9CEB8-8B4A-11D0-8D11-00A0C91BC942}") = "fetch-db-modules", "deps\fetch-and-build-wrappers\fetch-db-modules.vcxproj", "{057C1ABC-6137-37A9-9935-8CF811D7CEDA}"
	ProjectSection(ProjectDependencies) = postProject
		{3F38FD98-5C7E-97C7-70A9-FDA7E34A0CFC} = {3F38FD98-5C7E-97C7-70A9-FDA7E34A0CFC}
	EndProjectSection
EndProject
Project("{8BC9CEB8-8B4A-11D0-8D11-00A0C91BC942}") = "fetch-nanodbc", "deps\fetch-and-build-wrappers\fetch-nanodbc.vcxproj", "{3F38FD98-5C7E-97C7-70A9-FDA7E34A0CFC}"
EndProject
Project("{8BC9CEB8-8B4A-11D0-8D11-00A0C91BC942}") = "db-modules", "deps\db-modules-msvc\db-modules.vcxproj", "{17EF3A49-55B8-4FB6-883F-D1D02E20C11D}"
	ProjectSection(ProjectDependencies) = postProject
		{057C1ABC-6137-37A9-9935-8CF811D7CEDA} = {057C1ABC-6137-37A9-9935-8CF811D7CEDA}
		{3F38FD98-5C7E-97C7-70A9-FDA7E34A0CFC} = {3F38FD98-5C7E-97C7-70A9-FDA7E34A0CFC}
	EndProjectSection
EndProject
Project("{8BC9CEB8-8B4A-11D0-8D11-00A0C91BC942}") = "fetch-db-library", "deps\fetch-and-build-wrappers\fetch-db-library.vcxproj", "{E0A0DDDE-1B9A-4F49-9737-65715AC6F783}"
	ProjectSection(ProjectDependencies) = postProject
		{057C1ABC-6137-37A9-9935-8CF811D7CEDA} = {057C1ABC-6137-37A9-9935-8CF811D7CEDA}
	EndProjectSection
EndProject
Project("{8BC9CEB8-8B4A-11D0-8D11-00A0C91BC942}") = "db-library", "deps\db-library-msvc\db-library.vcxproj", "{05054154-A8F1-4094-AB01-E1402CD9F65A}"
	ProjectSection(ProjectDependencies) = postProject
		{057C1ABC-6137-37A9-9935-8CF811D7CEDA} = {057C1ABC-6137-37A9-9935-8CF811D7CEDA}
	EndProjectSection
EndProject
Global
	GlobalSection(SolutionConfigurationPlatforms) = preSolution
		Debug|Win32 = Debug|Win32
		Release|Win32 = Release|Win32
	EndGlobalSection
	GlobalSection(ProjectConfigurationPlatforms) = postSolution
		{C2FEB024-8E46-4533-918B-7196CAAA4E7D}.Debug|Win32.ActiveCfg = Debug|Win32
		{C2FEB024-8E46-4533-918B-7196CAAA4E7D}.Debug|Win32.Build.0 = Debug|Win32
		{C2FEB024-8E46-4533-918B-7196CAAA4E7D}.Release|Win32.ActiveCfg = Release|Win32
		{C2FEB024-8E46-4533-918B-7196CAAA4E7D}.Release|Win32.Build.0 = Release|Win32
		{C564AC8F-ADF8-4B90-B8CD-0834F7DB144B}.Debug|Win32.ActiveCfg = Debug|Win32
		{C564AC8F-ADF8-4B90-B8CD-0834F7DB144B}.Debug|Win32.Build.0 = Debug|Win32
		{C564AC8F-ADF8-4B90-B8CD-0834F7DB144B}.Release|Win32.ActiveCfg = Release|Win32
		{C564AC8F-ADF8-4B90-B8CD-0834F7DB144B}.Release|Win32.Build.0 = Release|Win32
		{023CD26D-5809-4716-A245-B1E146C6E7FE}.Debug|Win32.ActiveCfg = Debug|Win32
		{023CD26D-5809-4716-A245-B1E146C6E7FE}.Debug|Win32.Build.0 = Debug|Win32
		{023CD26D-5809-4716-A245-B1E146C6E7FE}.Release|Win32.ActiveCfg = Release|Win32
		{023CD26D-5809-4716-A245-B1E146C6E7FE}.Release|Win32.Build.0 = Release|Win32
		{64439624-B2DF-4550-9C52-67E61B8EC0EF}.Debug|Win32.ActiveCfg = Debug|Win32
		{64439624-B2DF-4550-9C52-67E61B8EC0EF}.Debug|Win32.Build.0 = Debug|Win32
		{64439624-B2DF-4550-9C52-67E61B8EC0EF}.Release|Win32.ActiveCfg = Release|Win32
		{64439624-B2DF-4550-9C52-67E61B8EC0EF}.Release|Win32.Build.0 = Release|Win32
		{D5FAD895-323C-4BE1-A066-3E70BB8C2BB4}.Debug|Win32.ActiveCfg = Debug|Win32
		{D5FAD895-323C-4BE1-A066-3E70BB8C2BB4}.Debug|Win32.Build.0 = Debug|Win32
		{D5FAD895-323C-4BE1-A066-3E70BB8C2BB4}.Release|Win32.ActiveCfg = Release|Win32
		{D5FAD895-323C-4BE1-A066-3E70BB8C2BB4}.Release|Win32.Build.0 = Release|Win32
		{2208D5F7-EB5B-4B13-A89B-CFE279B4307B}.Debug|Win32.ActiveCfg = Debug|Win32
		{2208D5F7-EB5B-4B13-A89B-CFE279B4307B}.Debug|Win32.Build.0 = Debug|Win32
		{2208D5F7-EB5B-4B13-A89B-CFE279B4307B}.Release|Win32.ActiveCfg = Release|Win32
		{2208D5F7-EB5B-4B13-A89B-CFE279B4307B}.Release|Win32.Build.0 = Release|Win32
		{6E97FD6E-7530-4BE3-B8E6-9E17ED45CD45}.Debug|Win32.ActiveCfg = Debug|Win32
		{6E97FD6E-7530-4BE3-B8E6-9E17ED45CD45}.Debug|Win32.Build.0 = Debug|Win32
		{6E97FD6E-7530-4BE3-B8E6-9E17ED45CD45}.Release|Win32.ActiveCfg = Release|Win32
		{6E97FD6E-7530-4BE3-B8E6-9E17ED45CD45}.Release|Win32.Build.0 = Release|Win32
		{99B647BC-D49E-4322-C338-DC20ACC4239B}.Debug|Win32.ActiveCfg = Debug|Win32
		{99B647BC-D49E-4322-C338-DC20ACC4239B}.Debug|Win32.Build.0 = Debug|Win32
		{99B647BC-D49E-4322-C338-DC20ACC4239B}.Release|Win32.ActiveCfg = Release|Win32
		{99B647BC-D49E-4322-C338-DC20ACC4239B}.Release|Win32.Build.0 = Release|Win32
		{50D2B40A-5AE4-F5FB-4D79-AC6CC3C75274}.Debug|Win32.ActiveCfg = Debug|Win32
		{50D2B40A-5AE4-F5FB-4D79-AC6CC3C75274}.Debug|Win32.Build.0 = Debug|Win32
		{50D2B40A-5AE4-F5FB-4D79-AC6CC3C75274}.Release|Win32.ActiveCfg = Release|Win32
		{50D2B40A-5AE4-F5FB-4D79-AC6CC3C75274}.Release|Win32.Build.0 = Release|Win32
		{057C1ABC-6137-37A9-9935-8CF811D7CEDA}.Debug|Win32.ActiveCfg = Debug|Win32
		{057C1ABC-6137-37A9-9935-8CF811D7CEDA}.Debug|Win32.Build.0 = Debug|Win32
		{057C1ABC-6137-37A9-9935-8CF811D7CEDA}.Release|Win32.ActiveCfg = Release|Win32
		{057C1ABC-6137-37A9-9935-8CF811D7CEDA}.Release|Win32.Build.0 = Release|Win32
		{3F38FD98-5C7E-97C7-70A9-FDA7E34A0CFC}.Debug|Win32.ActiveCfg = Debug|Win32
		{3F38FD98-5C7E-97C7-70A9-FDA7E34A0CFC}.Debug|Win32.Build.0 = Debug|Win32
		{3F38FD98-5C7E-97C7-70A9-FDA7E34A0CFC}.Release|Win32.ActiveCfg = Release|Win32
		{3F38FD98-5C7E-97C7-70A9-FDA7E34A0CFC}.Release|Win32.Build.0 = Release|Win32
		{17EF3A49-55B8-4FB6-883F-D1D02E20C11D}.Debug|Win32.ActiveCfg = Debug|Win32
		{17EF3A49-55B8-4FB6-883F-D1D02E20C11D}.Release|Win32.ActiveCfg = Release|Win32
		{E0A0DDDE-1B9A-4F49-9737-65715AC6F783}.Debug|Win32.ActiveCfg = Debug|Win32
		{E0A0DDDE-1B9A-4F49-9737-65715AC6F783}.Debug|Win32.Build.0 = Debug|Win32
		{E0A0DDDE-1B9A-4F49-9737-65715AC6F783}.Release|Win32.ActiveCfg = Release|Win32
		{E0A0DDDE-1B9A-4F49-9737-65715AC6F783}.Release|Win32.Build.0 = Release|Win32
		{05054154-A8F1-4094-AB01-E1402CD9F65A}.Debug|Win32.ActiveCfg = Debug|Win32
		{05054154-A8F1-4094-AB01-E1402CD9F65A}.Release|Win32.ActiveCfg = Release|Win32
	EndGlobalSection
	GlobalSection(SolutionProperties) = preSolution
		HideSolutionNode = FALSE
	EndGlobalSection
	GlobalSection(NestedProjects) = preSolution
		{C2FEB024-8E46-4533-918B-7196CAAA4E7D} = {9D5EEECB-6F40-493E-9D35-58BE18DF0690}
		{6E97FD6E-7530-4BE3-B8E6-9E17ED45CD45} = {9D5EEECB-6F40-493E-9D35-58BE18DF0690}
		{02EA681E-C7D8-13C7-8484-4AC65E1B71E8} = {9D5EEECB-6F40-493E-9D35-58BE18DF0690}
		{99B647BC-D49E-4322-C338-DC20ACC4239B} = {02EA681E-C7D8-13C7-8484-4AC65E1B71E8}
		{50D2B40A-5AE4-F5FB-4D79-AC6CC3C75274} = {02EA681E-C7D8-13C7-8484-4AC65E1B71E8}
		{057C1ABC-6137-37A9-9935-8CF811D7CEDA} = {02EA681E-C7D8-13C7-8484-4AC65E1B71E8}
		{3F38FD98-5C7E-97C7-70A9-FDA7E34A0CFC} = {02EA681E-C7D8-13C7-8484-4AC65E1B71E8}
		{17EF3A49-55B8-4FB6-883F-D1D02E20C11D} = {9D5EEECB-6F40-493E-9D35-58BE18DF0690}
		{E0A0DDDE-1B9A-4F49-9737-65715AC6F783} = {02EA681E-C7D8-13C7-8484-4AC65E1B71E8}
		{05054154-A8F1-4094-AB01-E1402CD9F65A} = {9D5EEECB-6F40-493E-9D35-58BE18DF0690}
	EndGlobalSection
	GlobalSection(ExtensibilityGlobals) = postSolution
		SolutionGuid = {023E6273-2767-4477-85B6-B02DF66FB3DB}
	EndGlobalSection
EndGlobal
