
Microsoft Visual Studio Solution File, Format Version 12.00
# Visual Studio Version 17
VisualStudioVersion = 17.11.35303.130
MinimumVisualStudioVersion = 10.0.40219.1
Project("{8BC9CEB8-8B4A-11D0-8D11-00A0C91BC942}") = "N3Base", "Client\N3Base\N3Base.vcxproj", "{5E45D92A-702B-4128-A1AF-504A17271D94}"
	ProjectSection(ProjectDependencies) = postProject
		{50D2B40A-5AE4-F5FB-4D79-AC6CC3C75274} = {50D2B40A-5AE4-F5FB-4D79-AC6CC3C75274}
		{B24123A5-2FE3-4AD6-9B8D-C3090E87408D} = {B24123A5-2FE3-4AD6-9B8D-C3090E87408D}
		{C2FEB024-8E46-4533-918B-7196CAAA4E7D} = {C2FEB024-8E46-4533-918B-7196CAAA4E7D}
	EndProjectSection
EndProject
Project("{8BC9CEB8-8B4A-11D0-8D11-00A0C91BC942}") = "ItemEditor", "ItemEditor\ItemEditor.vcxproj", "{734350E8-5586-46D9-8197-EEEEA3034D86}"
EndProject
Project("{8BC9CEB8-8B4A-11D0-8D11-00A0C91BC942}") = "shared", "Server\shared\shared.vcxproj", "{C2FEB024-8E46-4533-918B-7196CAAA4E7D}"
EndProject
Project("{2150E333-8FDC-42A3-9474-1A3956D46DE8}") = "_deps", "_deps", "{657121FA-968C-4276-9AA6-EC6692DC6465}"
EndProject
Project("{2150E333-8FDC-42A3-9474-1A3956D46DE8}") = "wrappers", "wrappers", "{02EA681E-C7D8-13C7-8484-4AC65E1B71E8}"
EndProject
Project("{8BC9CEB8-8B4A-11D0-8D11-00A0C91BC942}") = "N3CE", "N3CE\N3CE.vcxproj", "{1AD3FFCD-745F-4E6D-8698-F750EBB8DBCD}"
	ProjectSection(ProjectDependencies) = postProject
		{74C1CB7D-63CD-40D3-ABEA-2A17EB3719ED} = {74C1CB7D-63CD-40D3-ABEA-2A17EB3719ED}
	EndProjectSection
EndProject
Project("{8BC9CEB8-8B4A-11D0-8D11-00A0C91BC942}") = "N3FXE", "N3FXE\N3FXE.vcxproj", "{3756BA94-53B6-4AA6-9F21-036449B6A2C5}"
	ProjectSection(ProjectDependencies) = postProject
		{74C1CB7D-63CD-40D3-ABEA-2A17EB3719ED} = {74C1CB7D-63CD-40D3-ABEA-2A17EB3719ED}
	EndProjectSection
EndProject
Project("{8BC9CEB8-8B4A-11D0-8D11-00A0C91BC942}") = "N3ME", "N3ME\N3ME.vcxproj", "{1A926F1A-DA72-4D4A-8EA7-E511187398EB}"
	ProjectSection(ProjectDependencies) = postProject
		{74C1CB7D-63CD-40D3-ABEA-2A17EB3719ED} = {74C1CB7D-63CD-40D3-ABEA-2A17EB3719ED}
	EndProjectSection
EndProject
Project("{8BC9CEB8-8B4A-11D0-8D11-00A0C91BC942}") = "N3TexViewer", "N3TexViewer\N3TexViewer.vcxproj", "{92F48036-04E1-4BE4-BF62-886B265E6811}"
	ProjectSection(ProjectDependencies) = postProject
		{74C1CB7D-63CD-40D3-ABEA-2A17EB3719ED} = {74C1CB7D-63CD-40D3-ABEA-2A17EB3719ED}
	EndProjectSection
EndProject
Project("{8BC9CEB8-8B4A-11D0-8D11-00A0C91BC942}") = "N3Viewer", "N3Viewer\N3Viewer.vcxproj", "{644F8089-9AFD-49CE-A967-2E849C4A3E37}"
	ProjectSection(ProjectDependencies) = postProject
		{74C1CB7D-63CD-40D3-ABEA-2A17EB3719ED} = {74C1CB7D-63CD-40D3-ABEA-2A17EB3719ED}
	EndProjectSection
EndProject
Project("{8BC9CEB8-8B4A-11D0-8D11-00A0C91BC942}") = "SkyViewer", "SkyViewer\SkyViewer.vcxproj", "{007A6955-7539-45C1-A027-483ACB20BA43}"
	ProjectSection(ProjectDependencies) = postProject
		{74C1CB7D-63CD-40D3-ABEA-2A17EB3719ED} = {74C1CB7D-63CD-40D3-ABEA-2A17EB3719ED}
	EndProjectSection
EndProject
Project("{8BC9CEB8-8B4A-11D0-8D11-00A0C91BC942}") = "TblEditor", "TblEditor\TblEditor.vcxproj", "{98BDB1F7-63EE-9D53-6DF8-B89B2B7A8BF3}"
	ProjectSection(ProjectDependencies) = postProject
		{50D2B40A-5AE4-F5FB-4D79-AC6CC3C75274} = {50D2B40A-5AE4-F5FB-4D79-AC6CC3C75274}
	EndProjectSection
EndProject
Project("{8BC9CEB8-8B4A-11D0-8D11-00A0C91BC942}") = "UIE", "UIE\UIE.vcxproj", "{A3B3D543-E737-4888-83F6-6C696F4E6194}"
	ProjectSection(ProjectDependencies) = postProject
		{74C1CB7D-63CD-40D3-ABEA-2A17EB3719ED} = {74C1CB7D-63CD-40D3-ABEA-2A17EB3719ED}
	EndProjectSection
EndProject
Project("{8BC9CEB8-8B4A-11D0-8D11-00A0C91BC942}") = "N3Base_tool", "Client\N3Base\N3Base_tool.vcxproj", "{74C1CB7D-63CD-40D3-ABEA-2A17EB3719ED}"
	ProjectSection(ProjectDependencies) = postProject
		{10898C84-AF45-F0B0-5144-EA801DF15503} = {10898C84-AF45-F0B0-5144-EA801DF15503}
		{50D2B40A-5AE4-F5FB-4D79-AC6CC3C75274} = {50D2B40A-5AE4-F5FB-4D79-AC6CC3C75274}
		{B24123A5-2FE3-4AD6-9B8D-C3090E87408D} = {B24123A5-2FE3-4AD6-9B8D-C3090E87408D}
		{C2FEB024-8E46-4533-918B-7196CAAA4E7D} = {C2FEB024-8E46-4533-918B-7196CAAA4E7D}
	EndProjectSection
EndProject
Project("{8BC9CEB8-8B4A-11D0-8D11-00A0C91BC942}") = "fetch-dx9sdk", "deps\fetch-and-build-wrappers\fetch-dx9sdk.vcxproj", "{50D2B40A-5AE4-F5FB-4D79-AC6CC3C75274}"
EndProject
Project("{8BC9CEB8-8B4A-11D0-8D11-00A0C91BC942}") = "fetch-mpg123", "deps\fetch-and-build-wrappers\fetch-mpg123.vcxproj", "{B24123A5-2FE3-4AD6-9B8D-C3090E87408D}"
EndProject
Project("{8BC9CEB8-8B4A-11D0-8D11-00A0C91BC942}") = "fetch-spdlog", "deps\fetch-and-build-wrappers\fetch-spdlog.vcxproj", "{10898C84-AF45-F0B0-5144-EA801DF15503}"
EndProject
Global
	GlobalSection(SolutionConfigurationPlatforms) = preSolution
		Debug|Win32 = Debug|Win32
		Release|Win32 = Release|Win32
	EndGlobalSection
	GlobalSection(ProjectConfigurationPlatforms) = postSolution
		{5E45D92A-702B-4128-A1AF-504A17271D94}.Debug|Win32.ActiveCfg = Debug|Win32
		{5E45D92A-702B-4128-A1AF-504A17271D94}.Release|Win32.ActiveCfg = Release|Win32
		{734350E8-5586-46D9-8197-EEEEA3034D86}.Debug|Win32.ActiveCfg = Debug|Win32
		{734350E8-5586-46D9-8197-EEEEA3034D86}.Debug|Win32.Build.0 = Debug|Win32
		{734350E8-5586-46D9-8197-EEEEA3034D86}.Release|Win32.ActiveCfg = Release|Win32
		{734350E8-5586-46D9-8197-EEEEA3034D86}.Release|Win32.Build.0 = Release|Win32
		{C2FEB024-8E46-4533-918B-7196CAAA4E7D}.Debug|Win32.ActiveCfg = Debug|Win32
		{C2FEB024-8E46-4533-918B-7196CAAA4E7D}.Debug|Win32.Build.0 = Debug|Win32
		{C2FEB024-8E46-4533-918B-7196CAAA4E7D}.Release|Win32.ActiveCfg = Release|Win32
		{C2FEB024-8E46-4533-918B-7196CAAA4E7D}.Release|Win32.Build.0 = Release|Win32
		{1AD3FFCD-745F-4E6D-8698-F750EBB8DBCD}.Debug|Win32.ActiveCfg = Tool_Debug|Win32
		{1AD3FFCD-745F-4E6D-8698-F750EBB8DBCD}.Debug|Win32.Build.0 = Tool_Debug|Win32
		{1AD3FFCD-745F-4E6D-8698-F750EBB8DBCD}.Release|Win32.ActiveCfg = Tool_Release|Win32
		{1AD3FFCD-745F-4E6D-8698-F750EBB8DBCD}.Release|Win32.Build.0 = Tool_Release|Win32
		{3756BA94-53B6-4AA6-9F21-036449B6A2C5}.Debug|Win32.ActiveCfg = Tool_Debug|Win32
		{3756BA94-53B6-4AA6-9F21-036449B6A2C5}.Debug|Win32.Build.0 = Tool_Debug|Win32
		{3756BA94-53B6-4AA6-9F21-036449B6A2C5}.Release|Win32.ActiveCfg = Tool_Release|Win32
		{3756BA94-53B6-4AA6-9F21-036449B6A2C5}.Release|Win32.Build.0 = Tool_Release|Win32
		{1A926F1A-DA72-4D4A-8EA7-E511187398EB}.Debug|Win32.ActiveCfg = Tool_Debug|Win32
		{1A926F1A-DA72-4D4A-8EA7-E511187398EB}.Debug|Win32.Build.0 = Tool_Debug|Win32
		{1A926F1A-DA72-4D4A-8EA7-E511187398EB}.Release|Win32.ActiveCfg = Tool_Release|Win32
		{1A926F1A-DA72-4D4A-8EA7-E511187398EB}.Release|Win32.Build.0 = Tool_Release|Win32
		{92F48036-04E1-4BE4-BF62-886B265E6811}.Debug|Win32.ActiveCfg = Tool_Debug|Win32
		{92F48036-04E1-4BE4-BF62-886B265E6811}.Debug|Win32.Build.0 = Tool_Debug|Win32
		{92F48036-04E1-4BE4-BF62-886B265E6811}.Release|Win32.ActiveCfg = Tool_Release|Win32
		{92F48036-04E1-4BE4-BF62-886B265E6811}.Release|Win32.Build.0 = Tool_Release|Win32
		{644F8089-9AFD-49CE-A967-2E849C4A3E37}.Debug|Win32.ActiveCfg = Tool_Debug|Win32
		{644F8089-9AFD-49CE-A967-2E849C4A3E37}.Debug|Win32.Build.0 = Tool_Debug|Win32
		{644F8089-9AFD-49CE-A967-2E849C4A3E37}.Release|Win32.ActiveCfg = Tool_Release|Win32
		{644F8089-9AFD-49CE-A967-2E849C4A3E37}.Release|Win32.Build.0 = Tool_Release|Win32
		{007A6955-7539-45C1-A027-483ACB20BA43}.Debug|Win32.ActiveCfg = Tool_Debug|Win32
		{007A6955-7539-45C1-A027-483ACB20BA43}.Debug|Win32.Build.0 = Tool_Debug|Win32
		{007A6955-7539-45C1-A027-483ACB20BA43}.Release|Win32.ActiveCfg = Tool_Release|Win32
		{007A6955-7539-45C1-A027-483ACB20BA43}.Release|Win32.Build.0 = Tool_Release|Win32
		{98BDB1F7-63EE-9D53-6DF8-B89B2B7A8BF3}.Debug|Win32.ActiveCfg = Tool_Debug|Win32
		{98BDB1F7-63EE-9D53-6DF8-B89B2B7A8BF3}.Debug|Win32.Build.0 = Tool_Debug|Win32
		{98BDB1F7-63EE-9D53-6DF8-B89B2B7A8BF3}.Release|Win32.ActiveCfg = Tool_Release|Win32
		{98BDB1F7-63EE-9D53-6DF8-B89B2B7A8BF3}.Release|Win32.Build.0 = Tool_Release|Win32
		{A3B3D543-E737-4888-83F6-6C696F4E6194}.Debug|Win32.ActiveCfg = Tool_Debug|Win32
		{A3B3D543-E737-4888-83F6-6C696F4E6194}.Debug|Win32.Build.0 = Tool_Debug|Win32
		{A3B3D543-E737-4888-83F6-6C696F4E6194}.Release|Win32.ActiveCfg = Tool_Release|Win32
		{A3B3D543-E737-4888-83F6-6C696F4E6194}.Release|Win32.Build.0 = Tool_Release|Win32
		{74C1CB7D-63CD-40D3-ABEA-2A17EB3719ED}.Debug|Win32.ActiveCfg = Debug|Win32
		{74C1CB7D-63CD-40D3-ABEA-2A17EB3719ED}.Debug|Win32.Build.0 = Debug|Win32
		{74C1CB7D-63CD-40D3-ABEA-2A17EB3719ED}.Release|Win32.ActiveCfg = Release|Win32
		{74C1CB7D-63CD-40D3-ABEA-2A17EB3719ED}.Release|Win32.Build.0 = Release|Win32
		{50D2B40A-5AE4-F5FB-4D79-AC6CC3C75274}.Debug|Win32.ActiveCfg = Debug|Win32
		{50D2B40A-5AE4-F5FB-4D79-AC6CC3C75274}.Debug|Win32.Build.0 = Debug|Win32
		{50D2B40A-5AE4-F5FB-4D79-AC6CC3C75274}.Release|Win32.ActiveCfg = Release|Win32
		{50D2B40A-5AE4-F5FB-4D79-AC6CC3C75274}.Release|Win32.Build.0 = Release|Win32
		{B24123A5-2FE3-4AD6-9B8D-C3090E87408D}.Debug|Win32.ActiveCfg = Debug|Win32
		{B24123A5-2FE3-4AD6-9B8D-C3090E87408D}.Debug|Win32.Build.0 = Debug|Win32
		{B24123A5-2FE3-4AD6-9B8D-C3090E87408D}.Release|Win32.ActiveCfg = Release|Win32
		{B24123A5-2FE3-4AD6-9B8D-C3090E87408D}.Release|Win32.Build.0 = Release|Win32
		{10898C84-AF45-F0B0-5144-EA801DF15503}.Debug|Win32.ActiveCfg = Debug|Win32
		{10898C84-AF45-F0B0-5144-EA801DF15503}.Debug|Win32.Build.0 = Debug|Win32
		{10898C84-AF45-F0B0-5144-EA801DF15503}.Release|Win32.ActiveCfg = Release|Win32
		{10898C84-AF45-F0B0-5144-EA801DF15503}.Release|Win32.Build.0 = Release|Win32
	EndGlobalSection
	GlobalSection(SolutionProperties) = preSolution
		HideSolutionNode = FALSE
	EndGlobalSection
	GlobalSection(NestedProjects) = preSolution
		{5E45D92A-702B-4128-A1AF-504A17271D94} = {657121FA-968C-4276-9AA6-EC6692DC6465}
		{C2FEB024-8E46-4533-918B-7196CAAA4E7D} = {657121FA-968C-4276-9AA6-EC6692DC6465}
		{02EA681E-C7D8-13C7-8484-4AC65E1B71E8} = {657121FA-968C-4276-9AA6-EC6692DC6465}
		{74C1CB7D-63CD-40D3-ABEA-2A17EB3719ED} = {02EA681E-C7D8-13C7-8484-4AC65E1B71E8}
		{50D2B40A-5AE4-F5FB-4D79-AC6CC3C75274} = {02EA681E-C7D8-13C7-8484-4AC65E1B71E8}
		{B24123A5-2FE3-4AD6-9B8D-C3090E87408D} = {02EA681E-C7D8-13C7-8484-4AC65E1B71E8}
		{10898C84-AF45-F0B0-5144-EA801DF15503} = {02EA681E-C7D8-13C7-8484-4AC65E1B71E8}
	EndGlobalSection
	GlobalSection(ExtensibilityGlobals) = postSolution
		SolutionGuid = {D9937074-3E07-4102-9EF1-BE6E87CF35E4}
	EndGlobalSection
EndGlobal
