<?xml version="1.0" encoding="utf-8"?>
<Project ToolsVersion="4.0" xmlns="http://schemas.microsoft.com/developer/msbuild/2003">
  <ItemGroup>
    <Filter Include="Resource Files">
      <UniqueIdentifier>{ead71091-bc3a-4472-ac8b-4b4c56c3dd85}</UniqueIdentifier>
      <Extensions>ico;cur;bmp;dlg;rc2;rct;bin;rgs;gif;jpg;jpeg;jpe</Extensions>
    </Filter>
    <Filter Include="Controls">
      <UniqueIdentifier>{4c9d7631-9a18-4f36-a4db-d12801456768}</UniqueIdentifier>
    </Filter>
    <Filter Include="Dialogs">
      <UniqueIdentifier>{c5998c26-5519-4b59-9732-fc362f62c0f4}</UniqueIdentifier>
    </Filter>
    <Filter Include="Frames">
      <UniqueIdentifier>{da0a99d8-7b6c-4edc-9435-476582022933}</UniqueIdentifier>
    </Filter>
  </ItemGroup>
  <ItemGroup>
    <Image Include="res\N3ME.ico">
      <Filter>Resource Files</Filter>
    </Image>
    <Image Include="res\N3MEDoc.ico">
      <Filter>Resource Files</Filter>
    </Image>
    <Image Include="res\SceneNodes.bmp">
      <Filter>Resource Files</Filter>
    </Image>
    <Image Include="res\Toolbar.bmp">
      <Filter>Resource Files</Filter>
    </Image>
  </ItemGroup>
  <ItemGroup>
    <ClCompile Include="MainFrm.cpp">
      <Filter>Frames</Filter>
    </ClCompile>
    <ClCompile Include="N3ME.cpp">
      <Filter>Frames</Filter>
    </ClCompile>
    <ClCompile Include="N3MEDoc.cpp">
      <Filter>Frames</Filter>
    </ClCompile>
    <ClCompile Include="N3MEView.cpp">
      <Filter>Frames</Filter>
    </ClCompile>
    <ClCompile Include="StdAfx.cpp">
      <Filter>Frames</Filter>
    </ClCompile>
    <ClCompile Include="BrushDlg.cpp">
      <Filter>Dialogs</Filter>
    </ClCompile>
    <ClCompile Include="DlgAddDTex.cpp">
      <Filter>Dialogs</Filter>
    </ClCompile>
    <ClCompile Include="DlgAddSoundGroup.cpp">
      <Filter>Dialogs</Filter>
    </ClCompile>
    <ClCompile Include="DlgBar.cpp">
      <Filter>Dialogs</Filter>
    </ClCompile>
    <ClCompile Include="DlgBase.cpp">
      <Filter>Dialogs</Filter>
    </ClCompile>
    <ClCompile Include="DlgBrowsePath.cpp">
      <Filter>Dialogs</Filter>
    </ClCompile>
    <ClCompile Include="DlgCtrlHeightScale.cpp">
      <Filter>Dialogs</Filter>
    </ClCompile>
    <ClCompile Include="DlgDelGroup.cpp">
      <Filter>Dialogs</Filter>
    </ClCompile>
    <ClCompile Include="DlgDTexGroupView.cpp">
      <Filter>Dialogs</Filter>
    </ClCompile>
    <ClCompile Include="DlgEditEvent.cpp">
      <Filter>Dialogs</Filter>
    </ClCompile>
    <ClCompile Include="DlgEditEventAttr.cpp">
      <Filter>Dialogs</Filter>
    </ClCompile>
    <ClCompile Include="DlgEditWarp.cpp">
      <Filter>Dialogs</Filter>
    </ClCompile>
    <ClCompile Include="DlgInputAttr.cpp">
      <Filter>Dialogs</Filter>
    </ClCompile>
    <ClCompile Include="DlgInputGroup.cpp">
      <Filter>Dialogs</Filter>
    </ClCompile>
    <ClCompile Include="DlgLight.cpp">
      <Filter>Dialogs</Filter>
    </ClCompile>
    <ClCompile Include="DlgLoadEvt.cpp">
      <Filter>Dialogs</Filter>
    </ClCompile>
    <ClCompile Include="DlgLoadNPCPath.cpp">
      <Filter>Dialogs</Filter>
    </ClCompile>
    <ClCompile Include="DlgLoadTileSet.cpp">
      <Filter>Dialogs</Filter>
    </ClCompile>
    <ClCompile Include="DlgMakeNPCPath.cpp">
      <Filter>Dialogs</Filter>
    </ClCompile>
    <ClCompile Include="DlgMakeWall.cpp">
      <Filter>Dialogs</Filter>
    </ClCompile>
    <ClCompile Include="DlgModifyDTex.cpp">
      <Filter>Dialogs</Filter>
    </ClCompile>
    <ClCompile Include="DlgPondProperty.cpp">
      <Filter>Dialogs</Filter>
    </ClCompile>
    <ClCompile Include="DlgRegenUser.cpp">
      <Filter>Dialogs</Filter>
    </ClCompile>
    <ClCompile Include="DlgRiverProperty.cpp">
      <Filter>Dialogs</Filter>
    </ClCompile>
    <ClCompile Include="DlgSaveDivision.cpp">
      <Filter>Dialogs</Filter>
    </ClCompile>
    <ClCompile Include="DlgSaveEvt.cpp">
      <Filter>Dialogs</Filter>
    </ClCompile>
    <ClCompile Include="DlgSaveNewTileSet.cpp">
      <Filter>Dialogs</Filter>
    </ClCompile>
    <ClCompile Include="DlgSaveNPCPath.cpp">
      <Filter>Dialogs</Filter>
    </ClCompile>
    <ClCompile Include="DlgSceneGraph.cpp">
      <Filter>Dialogs</Filter>
    </ClCompile>
    <ClCompile Include="DlgSetDTex.cpp">
      <Filter>Dialogs</Filter>
    </ClCompile>
    <ClCompile Include="DlgSetLightMap.cpp">
      <Filter>Dialogs</Filter>
    </ClCompile>
    <ClCompile Include="DlgSetSound.cpp">
      <Filter>Dialogs</Filter>
    </ClCompile>
    <ClCompile Include="DlgShapeList.cpp">
      <Filter>Dialogs</Filter>
    </ClCompile>
    <ClCompile Include="DlgSowSeed.cpp">
      <Filter>Dialogs</Filter>
    </ClCompile>
    <ClCompile Include="DlgTerrainSize.cpp">
      <Filter>Dialogs</Filter>
    </ClCompile>
    <ClCompile Include="DlgUnusedFiles.cpp">
      <Filter>Dialogs</Filter>
    </ClCompile>
    <ClCompile Include="..\Common Control\PropertyList.cpp">
      <Filter>Dialogs</Filter>
    </ClCompile>
    <ClCompile Include="ShellTree.cpp">
      <Filter>Dialogs</Filter>
    </ClCompile>
    <ClCompile Include="ProgressBar.cpp">
      <Filter>Controls</Filter>
    </ClCompile>
    <ClCompile Include="DlgMapView.cpp" />
    <ClCompile Include="DTex.cpp" />
    <ClCompile Include="DTexGroup.cpp" />
    <ClCompile Include="DTexGroupMng.cpp" />
    <ClCompile Include="DTexMng.cpp" />
    <ClCompile Include="EventCell.cpp" />
    <ClCompile Include="EventMgr.cpp" />
    <ClCompile Include="LightObjMgr.cpp" />
    <ClCompile Include="LyTerrain.cpp" />
    <ClCompile Include="MapMng.cpp" />
    <ClCompile Include="NPCPath.cpp" />
    <ClCompile Include="NPCPathMgr.cpp" />
    <ClCompile Include="PondMesh.cpp" />
    <ClCompile Include="PondMng.cpp" />
    <ClCompile Include="PosDummy.cpp" />
    <ClCompile Include="QTNode.cpp" />
    <ClCompile Include="RegenUser.cpp" />
    <ClCompile Include="RiverMesh.cpp" />
    <ClCompile Include="RiverMng.cpp" />
    <ClCompile Include="RotDummy.cpp" />
    <ClCompile Include="ScaleDummy.cpp" />
    <ClCompile Include="SoundCell.cpp" />
    <ClCompile Include="SoundMgr.cpp" />
    <ClCompile Include="SowSeedMng.cpp" />
    <ClCompile Include="TransDummy.cpp" />
    <ClCompile Include="VtxPosDummy.cpp" />
    <ClCompile Include="Wall.cpp" />
    <ClCompile Include="WallMgr.cpp" />
    <ClCompile Include="WarpMgr.cpp" />
  </ItemGroup>
  <ItemGroup>
    <ClInclude Include="MainFrm.h">
      <Filter>Frames</Filter>
    </ClInclude>
    <ClInclude Include="N3ME.h">
      <Filter>Frames</Filter>
    </ClInclude>
    <ClInclude Include="N3MEDoc.h">
      <Filter>Frames</Filter>
    </ClInclude>
    <ClInclude Include="N3MEView.h">
      <Filter>Frames</Filter>
    </ClInclude>
    <ClInclude Include="Resource.h">
      <Filter>Frames</Filter>
    </ClInclude>
    <ClInclude Include="StdAfx.h">
      <Filter>Frames</Filter>
    </ClInclude>
    <ClInclude Include="BrushDlg.h">
      <Filter>Dialogs</Filter>
    </ClInclude>
    <ClInclude Include="DlgAddDTex.h">
      <Filter>Dialogs</Filter>
    </ClInclude>
    <ClInclude Include="DlgAddSoundGroup.h">
      <Filter>Dialogs</Filter>
    </ClInclude>
    <ClInclude Include="DlgBar.h">
      <Filter>Dialogs</Filter>
    </ClInclude>
    <ClInclude Include="DlgBase.h">
      <Filter>Dialogs</Filter>
    </ClInclude>
    <ClInclude Include="DlgBrowsePath.h">
      <Filter>Dialogs</Filter>
    </ClInclude>
    <ClInclude Include="DlgCtrlHeightScale.h">
      <Filter>Dialogs</Filter>
    </ClInclude>
    <ClInclude Include="DlgDelGroup.h">
      <Filter>Dialogs</Filter>
    </ClInclude>
    <ClInclude Include="DlgDTexGroupView.h">
      <Filter>Dialogs</Filter>
    </ClInclude>
    <ClInclude Include="DlgEditEvent.h">
      <Filter>Dialogs</Filter>
    </ClInclude>
    <ClInclude Include="DlgEditEventAttr.h">
      <Filter>Dialogs</Filter>
    </ClInclude>
    <ClInclude Include="DlgEditWarp.h">
      <Filter>Dialogs</Filter>
    </ClInclude>
    <ClInclude Include="DlgInputAttr.h">
      <Filter>Dialogs</Filter>
    </ClInclude>
    <ClInclude Include="DlgInputGroup.h">
      <Filter>Dialogs</Filter>
    </ClInclude>
    <ClInclude Include="DlgLight.h">
      <Filter>Dialogs</Filter>
    </ClInclude>
    <ClInclude Include="DlgLoadEvt.h">
      <Filter>Dialogs</Filter>
    </ClInclude>
    <ClInclude Include="DlgLoadNPCPath.h">
      <Filter>Dialogs</Filter>
    </ClInclude>
    <ClInclude Include="DlgLoadTileSet.h">
      <Filter>Dialogs</Filter>
    </ClInclude>
    <ClInclude Include="DlgMakeNPCPath.h">
      <Filter>Dialogs</Filter>
    </ClInclude>
    <ClInclude Include="DlgMakeWall.h">
      <Filter>Dialogs</Filter>
    </ClInclude>
    <ClInclude Include="DlgModifyDTex.h">
      <Filter>Dialogs</Filter>
    </ClInclude>
    <ClInclude Include="DlgPondProperty.h">
      <Filter>Dialogs</Filter>
    </ClInclude>
    <ClInclude Include="DlgRegenUser.h">
      <Filter>Dialogs</Filter>
    </ClInclude>
    <ClInclude Include="DlgRiverProperty.h">
      <Filter>Dialogs</Filter>
    </ClInclude>
    <ClInclude Include="DlgSaveDivision.h">
      <Filter>Dialogs</Filter>
    </ClInclude>
    <ClInclude Include="DlgSaveEvt.h">
      <Filter>Dialogs</Filter>
    </ClInclude>
    <ClInclude Include="DlgSaveNewTileSet.h">
      <Filter>Dialogs</Filter>
    </ClInclude>
    <ClInclude Include="DlgSaveNPCPath.h">
      <Filter>Dialogs</Filter>
    </ClInclude>
    <ClInclude Include="DlgSceneGraph.h">
      <Filter>Dialogs</Filter>
    </ClInclude>
    <ClInclude Include="DlgSetDTex.h">
      <Filter>Dialogs</Filter>
    </ClInclude>
    <ClInclude Include="DlgSetLightMap.h">
      <Filter>Dialogs</Filter>
    </ClInclude>
    <ClInclude Include="DlgSetSound.h">
      <Filter>Dialogs</Filter>
    </ClInclude>
    <ClInclude Include="DlgShapeList.h">
      <Filter>Dialogs</Filter>
    </ClInclude>
    <ClInclude Include="DlgSowSeed.h">
      <Filter>Dialogs</Filter>
    </ClInclude>
    <ClInclude Include="DlgTerrainSize.h">
      <Filter>Dialogs</Filter>
    </ClInclude>
    <ClInclude Include="DlgUnusedFiles.h">
      <Filter>Dialogs</Filter>
    </ClInclude>
    <ClInclude Include="..\Common Control\PropertyList.h">
      <Filter>Dialogs</Filter>
    </ClInclude>
    <ClInclude Include="ShellTree.h">
      <Filter>Dialogs</Filter>
    </ClInclude>
    <ClInclude Include="ProgressBar.h">
      <Filter>Controls</Filter>
    </ClInclude>
    <ClInclude Include="DlgMapView.h" />
    <ClInclude Include="DTex.h" />
    <ClInclude Include="DTexGroup.h" />
    <ClInclude Include="DTexGroupMng.h" />
    <ClInclude Include="DTexMng.h" />
    <ClInclude Include="EventCell.h" />
    <ClInclude Include="EventMgr.h" />
    <ClInclude Include="LightObjMgr.h" />
    <ClInclude Include="LyTerrain.h" />
    <ClInclude Include="LyTerrainDef.h" />
    <ClInclude Include="MapMng.h" />
    <ClInclude Include="NPCPath.h" />
    <ClInclude Include="NPCPathMgr.h" />
    <ClInclude Include="PondMesh.h" />
    <ClInclude Include="PondMng.h" />
    <ClInclude Include="PosDummy.h" />
    <ClInclude Include="QTNode.h" />
    <ClInclude Include="RegenUser.h" />
    <ClInclude Include="RiverMesh.h" />
    <ClInclude Include="RiverMng.h" />
    <ClInclude Include="RotDummy.h" />
    <ClInclude Include="ScaleDummy.h" />
    <ClInclude Include="SoundCell.h" />
    <ClInclude Include="SoundMgr.h" />
    <ClInclude Include="SowSeedMng.h" />
    <ClInclude Include="TransDummy.h" />
    <ClInclude Include="VtxPosDummy.h" />
    <ClInclude Include="Wall.h" />
    <ClInclude Include="WallMgr.h" />
    <ClInclude Include="WarpMgr.h" />
  </ItemGroup>
  <ItemGroup>
    <ResourceCompile Include="N3ME.rc">
      <Filter>Frames</Filter>
    </ResourceCompile>
  </ItemGroup>
  <ItemGroup>
    <Text Include="ReadMe.txt" />
  </ItemGroup>
  <ItemGroup>
    <CustomBuild Include="res\load.cur">
      <Filter>Resource Files</Filter>
    </CustomBuild>
    <CustomBuild Include="res\move.cur">
      <Filter>Resource Files</Filter>
    </CustomBuild>
    <CustomBuild Include="res\N3ME.rc2">
      <Filter>Resource Files</Filter>
    </CustomBuild>
    <CustomBuild Include="res\rotate.cur">
      <Filter>Resource Files</Filter>
    </CustomBuild>
    <CustomBuild Include="res\transform.cur">
      <Filter>Resource Files</Filter>
    </CustomBuild>
    <CustomBuild Include="res\zoom.cur">
      <Filter>Resource Files</Filter>
    </CustomBuild>
    <CustomBuild Include="help.doc" />
  </ItemGroup>
</Project>