<Solution>
  <Folder Name="/SolutionFolder/">
    <File Path=".editorconfig" />
    <File Path="Directory.Build.props" />
    <File Path="Directory.Packages.props" />
    <File Path=".gitignore" />
    <File Path="..\OpenKO_WebDB.sql" />
  </Folder>
  <Folder Name="/src/">
    <Project Path="src\OpenKO.Web\OpenKO.Web.csproj" Type="Classic C#" />
  </Folder>
  <Folder Name="/tests/">
    <Project Path="tests\OpenKO.Web.Tests\OpenKO.Web.Tests.csproj" Type="Classic C#" />
  </Folder>
</Solution>