<?xml version="1.0" encoding="utf-8"?>
<Project ToolsVersion="4.0" xmlns="http://schemas.microsoft.com/developer/msbuild/2003">
  <ItemGroup>
    <Filter Include="Audio">
      <UniqueIdentifier>{8b400076-1600-4d39-bedb-d2d8893e5b17}</UniqueIdentifier>
    </Filter>
    <Filter Include="Effects">
      <UniqueIdentifier>{cedfeaf3-5db7-4b7e-a77e-a81ff1a26fd1}</UniqueIdentifier>
    </Filter>
    <Filter Include="UI">
      <UniqueIdentifier>{87b043b7-602f-41ad-9238-4dceb81a709d}</UniqueIdentifier>
    </Filter>
    <Filter Include="Weather">
      <UniqueIdentifier>{e43f9bac-ec57-481e-9b63-fd9a0eebe192}</UniqueIdentifier>
    </Filter>
    <Filter Include="Sky">
      <UniqueIdentifier>{9f9e880b-e928-4630-93b3-1069bebf29f2}</UniqueIdentifier>
    </Filter>
    <Filter Include="Header Files">
      <UniqueIdentifier>{904a4f68-0644-4455-b956-ac0bb0f5fe66}</UniqueIdentifier>
    </Filter>
    <Filter Include="Source Files">
      <UniqueIdentifier>{f0893a33-0bd6-4945-8af1-636ab7eca0c3}</UniqueIdentifier>
    </Filter>
  </ItemGroup>
  <ItemGroup>
    <ClInclude Include="al_wrapper.h">
      <Filter>Audio</Filter>
    </ClInclude>
    <ClInclude Include="AudioAsset.h">
      <Filter>Audio</Filter>
    </ClInclude>
    <ClInclude Include="AudioDecoderThread.h">
      <Filter>Audio</Filter>
    </ClInclude>
    <ClInclude Include="AudioThread.h">
      <Filter>Audio</Filter>
    </ClInclude>
    <ClInclude Include="N3SndDef.h">
      <Filter>Audio</Filter>
    </ClInclude>
    <ClInclude Include="N3SndMgr.h">
      <Filter>Audio</Filter>
    </ClInclude>
    <ClInclude Include="N3SndObj.h">
      <Filter>Audio</Filter>
    </ClInclude>
    <ClInclude Include="WaveFormat.h">
      <Filter>Audio</Filter>
    </ClInclude>
    <ClInclude Include="AudioHandle.h">
      <Filter>Audio</Filter>
    </ClInclude>
    <ClInclude Include="mpg123_reader_io.h">
      <Filter>Audio</Filter>
    </ClInclude>
    <ClInclude Include="N3GERain.h">
      <Filter>Weather</Filter>
    </ClInclude>
    <ClInclude Include="N3GESnow.h">
      <Filter>Weather</Filter>
    </ClInclude>
    <ClInclude Include="N3GlobalEffect.h">
      <Filter>Weather</Filter>
    </ClInclude>
    <ClInclude Include="N3GlobalEffectMng.h">
      <Filter>Weather</Filter>
    </ClInclude>
    <ClInclude Include="N3UIArea.h">
      <Filter>UI</Filter>
    </ClInclude>
    <ClInclude Include="N3UIBase.h">
      <Filter>UI</Filter>
    </ClInclude>
    <ClInclude Include="N3UIButton.h">
      <Filter>UI</Filter>
    </ClInclude>
    <ClInclude Include="N3UIDef.h">
      <Filter>UI</Filter>
    </ClInclude>
    <ClInclude Include="N3UIEdit.h">
      <Filter>UI</Filter>
    </ClInclude>
    <ClInclude Include="N3UIImage.h">
      <Filter>UI</Filter>
    </ClInclude>
    <ClInclude Include="N3UIList.h">
      <Filter>UI</Filter>
    </ClInclude>
    <ClInclude Include="N3UIProgress.h">
      <Filter>UI</Filter>
    </ClInclude>
    <ClInclude Include="N3UIScrollBar.h">
      <Filter>UI</Filter>
    </ClInclude>
    <ClInclude Include="N3UIStatic.h">
      <Filter>UI</Filter>
    </ClInclude>
    <ClInclude Include="N3UIString.h">
      <Filter>UI</Filter>
    </ClInclude>
    <ClInclude Include="N3UITooltip.h">
      <Filter>UI</Filter>
    </ClInclude>
    <ClInclude Include="N3UITrackBar.h">
      <Filter>UI</Filter>
    </ClInclude>
    <ClInclude Include="N3Sun.h">
      <Filter>Sky</Filter>
    </ClInclude>
    <ClInclude Include="N3Star.h">
      <Filter>Sky</Filter>
    </ClInclude>
    <ClInclude Include="N3SkyMng.h">
      <Filter>Sky</Filter>
    </ClInclude>
    <ClInclude Include="N3Sky.h">
      <Filter>Sky</Filter>
    </ClInclude>
    <ClInclude Include="N3Moon.h">
      <Filter>Sky</Filter>
    </ClInclude>
    <ClInclude Include="N3Cloud.h">
      <Filter>Sky</Filter>
    </ClInclude>
    <ClInclude Include="N3FXBundle.h">
      <Filter>Effects</Filter>
    </ClInclude>
    <ClInclude Include="N3FXDef.h">
      <Filter>Effects</Filter>
    </ClInclude>
    <ClInclude Include="N3FXGroup.h">
      <Filter>Effects</Filter>
    </ClInclude>
    <ClInclude Include="N3FXPartBase.h">
      <Filter>Effects</Filter>
    </ClInclude>
    <ClInclude Include="N3FXPartBillBoard.h">
      <Filter>Effects</Filter>
    </ClInclude>
    <ClInclude Include="N3FXPartBottomBoard.h">
      <Filter>Effects</Filter>
    </ClInclude>
    <ClInclude Include="N3FXParticle.h">
      <Filter>Effects</Filter>
    </ClInclude>
    <ClInclude Include="N3FXPartMesh.h">
      <Filter>Effects</Filter>
    </ClInclude>
    <ClInclude Include="N3FXPartParticles.h">
      <Filter>Effects</Filter>
    </ClInclude>
    <ClInclude Include="N3FXPlug.h">
      <Filter>Effects</Filter>
    </ClInclude>
    <ClInclude Include="N3FXPMesh.h">
      <Filter>Effects</Filter>
    </ClInclude>
    <ClInclude Include="N3FXPMeshInstance.h">
      <Filter>Effects</Filter>
    </ClInclude>
    <ClInclude Include="N3FXShape.h">
      <Filter>Effects</Filter>
    </ClInclude>
    <ClInclude Include="BitMapFile.h">
      <Filter>Header Files</Filter>
    </ClInclude>
    <ClInclude Include="DebugUtils.h">
      <Filter>Header Files</Filter>
    </ClInclude>
    <ClInclude Include="DFont.h">
      <Filter>Header Files</Filter>
    </ClInclude>
    <ClInclude Include="LogWriter.h">
      <Filter>Header Files</Filter>
    </ClInclude>
    <ClInclude Include="My_3DStruct.h">
      <Filter>Header Files</Filter>
    </ClInclude>
    <ClInclude Include="N3AlphaPrimitiveManager.h">
      <Filter>Header Files</Filter>
    </ClInclude>
    <ClInclude Include="N3AnimControl.h">
      <Filter>Header Files</Filter>
    </ClInclude>
    <ClInclude Include="N3AnimKey.h">
      <Filter>Header Files</Filter>
    </ClInclude>
    <ClInclude Include="N3Base.h">
      <Filter>Header Files</Filter>
    </ClInclude>
    <ClInclude Include="N3BaseFileAccess.h">
      <Filter>Header Files</Filter>
    </ClInclude>
    <ClInclude Include="N3Camera.h">
      <Filter>Header Files</Filter>
    </ClInclude>
    <ClInclude Include="N3Chr.h">
      <Filter>Header Files</Filter>
    </ClInclude>
    <ClInclude Include="N3Cloak.h">
      <Filter>Header Files</Filter>
    </ClInclude>
    <ClInclude Include="N3ColorChange.h">
      <Filter>Header Files</Filter>
    </ClInclude>
    <ClInclude Include="N3Eng.h">
      <Filter>Header Files</Filter>
    </ClInclude>
    <ClInclude Include="N3EngTool.h">
      <Filter>Header Files</Filter>
    </ClInclude>
    <ClInclude Include="N3IMesh.h">
      <Filter>Header Files</Filter>
    </ClInclude>
    <ClInclude Include="N3Joint.h">
      <Filter>Header Files</Filter>
    </ClInclude>
    <ClInclude Include="N3Light.h">
      <Filter>Header Files</Filter>
    </ClInclude>
    <ClInclude Include="N3Mesh.h">
      <Filter>Header Files</Filter>
    </ClInclude>
    <ClInclude Include="N3Mng.h">
      <Filter>Header Files</Filter>
    </ClInclude>
    <ClInclude Include="N3PMesh.h">
      <Filter>Header Files</Filter>
    </ClInclude>
    <ClInclude Include="N3PMeshCreate.h">
      <Filter>Header Files</Filter>
    </ClInclude>
    <ClInclude Include="N3PMeshInstance.h">
      <Filter>Header Files</Filter>
    </ClInclude>
    <ClInclude Include="N3Scene.h">
      <Filter>Header Files</Filter>
    </ClInclude>
    <ClInclude Include="N3Shape.h">
      <Filter>Header Files</Filter>
    </ClInclude>
    <ClInclude Include="N3ShapeExtra.h">
      <Filter>Header Files</Filter>
    </ClInclude>
    <ClInclude Include="N3ShapeMgr.h">
      <Filter>Header Files</Filter>
    </ClInclude>
    <ClInclude Include="N3Skin.h">
      <Filter>Header Files</Filter>
    </ClInclude>
    <ClInclude Include="N3TableBase.h">
      <Filter>Header Files</Filter>
    </ClInclude>
    <ClInclude Include="N3TableBaseImpl.h">
      <Filter>Header Files</Filter>
    </ClInclude>
    <ClInclude Include="N3Texture.h">
      <Filter>Header Files</Filter>
    </ClInclude>
    <ClInclude Include="N3Transform.h">
      <Filter>Header Files</Filter>
    </ClInclude>
    <ClInclude Include="N3TransformCollision.h">
      <Filter>Header Files</Filter>
    </ClInclude>
    <ClInclude Include="N3VMesh.h">
      <Filter>Header Files</Filter>
    </ClInclude>
    <ClInclude Include="Pick.h">
      <Filter>Header Files</Filter>
    </ClInclude>
    <ClInclude Include="StdAfxBase.h">
      <Filter>Header Files</Filter>
    </ClInclude>
    <ClInclude Include="WinCrypt.h">
      <Filter>Header Files</Filter>
    </ClInclude>
  </ItemGroup>
  <ItemGroup>
    <ClCompile Include="AudioAsset.cpp">
      <Filter>Audio</Filter>
    </ClCompile>
    <ClCompile Include="AudioDecoderThread.cpp">
      <Filter>Audio</Filter>
    </ClCompile>
    <ClCompile Include="AudioThread.cpp">
      <Filter>Audio</Filter>
    </ClCompile>
    <ClCompile Include="N3SndMgr.cpp">
      <Filter>Audio</Filter>
    </ClCompile>
    <ClCompile Include="N3SndObj.cpp">
      <Filter>Audio</Filter>
    </ClCompile>
    <ClCompile Include="AudioHandle.cpp">
      <Filter>Audio</Filter>
    </ClCompile>
    <ClCompile Include="mpg123_reader_io.cpp">
      <Filter>Audio</Filter>
    </ClCompile>
    <ClCompile Include="WaveFormat.cpp">
      <Filter>Audio</Filter>
    </ClCompile>
    <ClCompile Include="N3GlobalEffectMng.cpp">
      <Filter>Weather</Filter>
    </ClCompile>
    <ClCompile Include="N3GERain.cpp">
      <Filter>Weather</Filter>
    </ClCompile>
    <ClCompile Include="N3GESnow.cpp">
      <Filter>Weather</Filter>
    </ClCompile>
    <ClCompile Include="N3GlobalEffect.cpp">
      <Filter>Weather</Filter>
    </ClCompile>
    <ClCompile Include="N3FXShape.cpp">
      <Filter>Effects</Filter>
    </ClCompile>
    <ClCompile Include="N3FXBundle.cpp">
      <Filter>Effects</Filter>
    </ClCompile>
    <ClCompile Include="N3FXGroup.cpp">
      <Filter>Effects</Filter>
    </ClCompile>
    <ClCompile Include="N3FXPartBase.cpp">
      <Filter>Effects</Filter>
    </ClCompile>
    <ClCompile Include="N3FXPartBillBoard.cpp">
      <Filter>Effects</Filter>
    </ClCompile>
    <ClCompile Include="N3FXPartBottomBoard.cpp">
      <Filter>Effects</Filter>
    </ClCompile>
    <ClCompile Include="N3FXParticle.cpp">
      <Filter>Effects</Filter>
    </ClCompile>
    <ClCompile Include="N3FXPartMesh.cpp">
      <Filter>Effects</Filter>
    </ClCompile>
    <ClCompile Include="N3FXPartParticles.cpp">
      <Filter>Effects</Filter>
    </ClCompile>
    <ClCompile Include="N3FXPlug.cpp">
      <Filter>Effects</Filter>
    </ClCompile>
    <ClCompile Include="N3FXPMesh.cpp">
      <Filter>Effects</Filter>
    </ClCompile>
    <ClCompile Include="N3FXPMeshInstance.cpp">
      <Filter>Effects</Filter>
    </ClCompile>
    <ClCompile Include="N3UITrackBar.cpp">
      <Filter>UI</Filter>
    </ClCompile>
    <ClCompile Include="N3UIArea.cpp">
      <Filter>UI</Filter>
    </ClCompile>
    <ClCompile Include="N3UIBase.cpp">
      <Filter>UI</Filter>
    </ClCompile>
    <ClCompile Include="N3UIButton.cpp">
      <Filter>UI</Filter>
    </ClCompile>
    <ClCompile Include="N3UIEdit.cpp">
      <Filter>UI</Filter>
    </ClCompile>
    <ClCompile Include="N3UIImage.cpp">
      <Filter>UI</Filter>
    </ClCompile>
    <ClCompile Include="N3UIList.cpp">
      <Filter>UI</Filter>
    </ClCompile>
    <ClCompile Include="N3UIProgress.cpp">
      <Filter>UI</Filter>
    </ClCompile>
    <ClCompile Include="N3UIScrollBar.cpp">
      <Filter>UI</Filter>
    </ClCompile>
    <ClCompile Include="N3UIStatic.cpp">
      <Filter>UI</Filter>
    </ClCompile>
    <ClCompile Include="N3UIString.cpp">
      <Filter>UI</Filter>
    </ClCompile>
    <ClCompile Include="N3UITooltip.cpp">
      <Filter>UI</Filter>
    </ClCompile>
    <ClCompile Include="N3Cloud.cpp">
      <Filter>Sky</Filter>
    </ClCompile>
    <ClCompile Include="N3Moon.cpp">
      <Filter>Sky</Filter>
    </ClCompile>
    <ClCompile Include="N3Sky.cpp">
      <Filter>Sky</Filter>
    </ClCompile>
    <ClCompile Include="N3SkyMng.cpp">
      <Filter>Sky</Filter>
    </ClCompile>
    <ClCompile Include="N3Star.cpp">
      <Filter>Sky</Filter>
    </ClCompile>
    <ClCompile Include="N3Sun.cpp">
      <Filter>Sky</Filter>
    </ClCompile>
    <ClCompile Include="BitMapFile.cpp">
      <Filter>Source Files</Filter>
    </ClCompile>
    <ClCompile Include="DebugUtils.cpp">
      <Filter>Source Files</Filter>
    </ClCompile>
    <ClCompile Include="DFont.cpp">
      <Filter>Source Files</Filter>
    </ClCompile>
    <ClCompile Include="LogWriter.cpp">
      <Filter>Source Files</Filter>
    </ClCompile>
    <ClCompile Include="My_3DStruct.cpp">
      <Filter>Source Files</Filter>
    </ClCompile>
    <ClCompile Include="N3AlphaPrimitiveManager.cpp">
      <Filter>Source Files</Filter>
    </ClCompile>
    <ClCompile Include="N3AnimControl.cpp">
      <Filter>Source Files</Filter>
    </ClCompile>
    <ClCompile Include="N3AnimKey.cpp">
      <Filter>Source Files</Filter>
    </ClCompile>
    <ClCompile Include="N3Base.cpp">
      <Filter>Source Files</Filter>
    </ClCompile>
    <ClCompile Include="N3BaseFileAccess.cpp">
      <Filter>Source Files</Filter>
    </ClCompile>
    <ClCompile Include="N3Camera.cpp">
      <Filter>Source Files</Filter>
    </ClCompile>
    <ClCompile Include="N3Chr.cpp">
      <Filter>Source Files</Filter>
    </ClCompile>
    <ClCompile Include="N3Cloak.cpp">
      <Filter>Source Files</Filter>
    </ClCompile>
    <ClCompile Include="N3ColorChange.cpp">
      <Filter>Source Files</Filter>
    </ClCompile>
    <ClCompile Include="N3Eng.cpp">
      <Filter>Source Files</Filter>
    </ClCompile>
    <ClCompile Include="N3EngTool.cpp">
      <Filter>Source Files</Filter>
    </ClCompile>
    <ClCompile Include="N3IMesh.cpp">
      <Filter>Source Files</Filter>
    </ClCompile>
    <ClCompile Include="N3Joint.cpp">
      <Filter>Source Files</Filter>
    </ClCompile>
    <ClCompile Include="N3Light.cpp">
      <Filter>Source Files</Filter>
    </ClCompile>
    <ClCompile Include="N3Mesh.cpp">
      <Filter>Source Files</Filter>
    </ClCompile>
    <ClCompile Include="N3PMesh.cpp">
      <Filter>Source Files</Filter>
    </ClCompile>
    <ClCompile Include="N3PMeshCreate.cpp">
      <Filter>Source Files</Filter>
    </ClCompile>
    <ClCompile Include="N3PMeshInstance.cpp">
      <Filter>Source Files</Filter>
    </ClCompile>
    <ClCompile Include="N3Scene.cpp">
      <Filter>Source Files</Filter>
    </ClCompile>
    <ClCompile Include="N3Shape.cpp">
      <Filter>Source Files</Filter>
    </ClCompile>
    <ClCompile Include="N3ShapeExtra.cpp">
      <Filter>Source Files</Filter>
    </ClCompile>
    <ClCompile Include="N3ShapeMgr.cpp">
      <Filter>Source Files</Filter>
    </ClCompile>
    <ClCompile Include="N3Skin.cpp">
      <Filter>Source Files</Filter>
    </ClCompile>
    <ClCompile Include="N3TableBaseImpl.cpp">
      <Filter>Source Files</Filter>
    </ClCompile>
    <ClCompile Include="N3Texture.cpp">
      <Filter>Source Files</Filter>
    </ClCompile>
    <ClCompile Include="N3Transform.cpp">
      <Filter>Source Files</Filter>
    </ClCompile>
    <ClCompile Include="N3TransformCollision.cpp">
      <Filter>Source Files</Filter>
    </ClCompile>
    <ClCompile Include="N3VMesh.cpp">
      <Filter>Source Files</Filter>
    </ClCompile>
    <ClCompile Include="Pick.cpp">
      <Filter>Source Files</Filter>
    </ClCompile>
    <ClCompile Include="StdAfxBase.cpp">
      <Filter>Source Files</Filter>
    </ClCompile>
    <ClCompile Include="WinCrypt.cpp">
      <Filter>Source Files</Filter>
    </ClCompile>
  </ItemGroup>
  <ItemGroup>
    <None Include="ColorValue.inl">
      <Filter>Header Files</Filter>
    </None>
    <None Include="Material.inl">
      <Filter>Header Files</Filter>
    </None>
    <None Include="VertexTypes.inl">
      <Filter>Header Files</Filter>
    </None>
  </ItemGroup>
</Project>